
Microsoft Visual Studio Solution File, Format Version 12.00
# Visual Studio Version 16
VisualStudioVersion = 16.0.30907.101
MinimumVisualStudioVersion = 10.0.40219.1
Project("{FAE04EC0-301F-11D3-BF4B-00C04F79EFBC}") = "ClassBasic", "ClassBasic\ClassBasic.csproj", "{5BC1B8CC-BBE4-4847-A56C-A770AB19EF9B}"
EndProject
Global
	GlobalSection(SolutionConfigurationPlatforms) = preSolution
		Debug|Any CPU = Debug|Any CPU
		Release|Any CPU = Release|Any CPU
	EndGlobalSection
	GlobalSection(ProjectConfigurationPlatforms) = postSolution
		{5BC1B8CC-BBE4-4847-A56C-A770AB19EF9B}.Debug|Any CPU.ActiveCfg = Debug|Any CPU
		{5BC1B8CC-BBE4-4847-A56C-A770AB19EF9B}.Debug|Any CPU.Build.0 = Debug|Any CPU
		{5BC1B8CC-BBE4-4847-A56C-A770AB19EF9B}.Release|Any CPU.ActiveCfg = Release|Any CPU
		{5BC1B8CC-BBE4-4847-A56C-A770AB19EF9B}.Release|Any CPU.Build.0 = Release|Any CPU
	EndGlobalSection
	GlobalSection(SolutionProperties) = preSolution
		HideSolutionNode = FALSE
	EndGlobalSection
	GlobalSection(ExtensibilityGlobals) = postSolution
		SolutionGuid = {EE0198FF-FBDE-4689-B82D-3C71A358E495}
	EndGlobalSection
EndGlobal
