
Microsoft Visual Studio Solution File, Format Version 12.00
# Visual Studio Version 16
VisualStudioVersion = 16.0.30907.101
MinimumVisualStudioVersion = 10.0.40219.1
Project("{FAE04EC0-301F-11D3-BF4B-00C04F79EFBC}") = "UniqueElementArray", "UniqueElementArray\UniqueElementArray.csproj", "{822C7456-8AAC-4BB0-8924-C3DC0CC540D1}"
EndProject
Global
	GlobalSection(SolutionConfigurationPlatforms) = preSolution
		Debug|Any CPU = Debug|Any CPU
		Release|Any CPU = Release|Any CPU
	EndGlobalSection
	GlobalSection(ProjectConfigurationPlatforms) = postSolution
		{822C7456-8AAC-4BB0-8924-C3DC0CC540D1}.Debug|Any CPU.ActiveCfg = Debug|Any CPU
		{822C7456-8AAC-4BB0-8924-C3DC0CC540D1}.Debug|Any CPU.Build.0 = Debug|Any CPU
		{822C7456-8AAC-4BB0-8924-C3DC0CC540D1}.Release|Any CPU.ActiveCfg = Release|Any CPU
		{822C7456-8AAC-4BB0-8924-C3DC0CC540D1}.Release|Any CPU.Build.0 = Release|Any CPU
	EndGlobalSection
	GlobalSection(SolutionProperties) = preSolution
		HideSolutionNode = FALSE
	EndGlobalSection
	GlobalSection(ExtensibilityGlobals) = postSolution
		SolutionGuid = {08C12536-04A0-428C-82D2-B9E8533C6B04}
	EndGlobalSection
EndGlobal
